<Solution>
  <Project Path="../HotelReservation.Businesslogic/HotelReservation.Businesslogic.csproj" Id="0612732d-5800-4261-b092-902637e86452" />
  <Project Path="../HotelReservation.DB/HotelReservation.DB.sqlproj" Id="750f5f40-5f5d-4fa7-93cb-de2ac1f973be">
    <Build />
    <Deploy />
  </Project>
  <Project Path="../HotelReservation.Model/HotelReservation.Model.csproj" Id="d4798649-a646-429c-a1cc-2b8a11a8ab98" />
  <Project Path="../HotelReservations.UI/HotelReservations.UI.csproj" Id="86feb93a-57e1-40d2-97dd-0d411c7c6002" />
</Solution>
