<Solution>
  <Project Path="../HotelReservation.Businesslogic/HotelReservation.Businesslogic.csproj" Id="0612732d-5800-4261-b092-902637e86452" />
  <Project Path="../HotelReservation.DB/HotelReservation.DB.sqlproj" Id="750f5f40-5f5d-4fa7-93cb-de2ac1f973be">
    <Build />
    <Deploy />
  </Project>
  <Project Path="../HotelReservation.Model/HotelReservation.Model.csproj" Id="d4798649-a646-429c-a1cc-2b8a11a8ab98" />
  <Project Path="HotelReservation.UI.csproj" Id="fe57872e-ef8a-45e3-b91c-de3dacd47f41" />
</Solution>
